
Microsoft Visual Studio Solution File, Format Version 12.00
# Visual Studio Version 17
VisualStudioVersion = 17.7.34031.279
MinimumVisualStudioVersion = 10.0.40219.1
Project("{FAE04EC0-301F-11D3-BF4B-00C04F79EFBC}") = "InstantaneousGram", "InstantaneousGram.csproj", "{507E7B3D-4C0B-4C5D-A6C6-A6B94F5FF9BD}"
EndProject
Project("{9A19103F-16F7-4668-BE54-9A1E7A4F7556}") = "InstantaneousGram-ApiGateway", "..\InstantaneousGram-ApiGateway\InstantaneousGram-ApiGateway.csproj", "{C2E89A7B-C21D-4417-9EB9-5F5CE6A7ED97}"
EndProject
Project("{9A19103F-16F7-4668-BE54-9A1E7A4F7556}") = "InstantaneousGram-Authentication", "..\InstantaneousGram-Authentication\InstantaneousGram-Authentication.csproj", "{1A35EE20-6CC6-4AEF-B552-849272531E86}"
EndProject
Project("{9A19103F-16F7-4668-BE54-9A1E7A4F7556}") = "InstantaneousGram-ContentManagement", "..\InstantaneousGram-ContentManagement\InstantaneousGram-ContentManagement.csproj", "{46B1B2ED-00B0-49C7-9BE3-D919753CCB89}"
EndProject
Project("{9A19103F-16F7-4668-BE54-9A1E7A4F7556}") = "InstantaneousGram-ImageAndVideoProcessing", "..\InstantaneousGram-ImageAndVideoProcessing\InstantaneousGram-ImageAndVideoProcessing.csproj", "{84DBF708-5798-4947-8DB9-803442629B39}"
EndProject
Project("{9A19103F-16F7-4668-BE54-9A1E7A4F7556}") = "InstantaneousGram-LikeAndComment", "..\InstantaneousGram-LikeAndComment\InstantaneousGram-LikeAndComment.csproj", "{824861FC-D180-4092-BECE-692DF29A373F}"
EndProject
Project("{9A19103F-16F7-4668-BE54-9A1E7A4F7556}") = "InstantaneousGram-UserProfile", "..\InstantaneousGram-UserProfile\InstantaneousGram-UserProfile.csproj", "{0462968F-B411-447B-AEC8-AFF7E21D81BF}"
EndProject
Global
	GlobalSection(SolutionConfigurationPlatforms) = preSolution
		Debug|Any CPU = Debug|Any CPU
		Release|Any CPU = Release|Any CPU
	EndGlobalSection
	GlobalSection(ProjectConfigurationPlatforms) = postSolution
		{507E7B3D-4C0B-4C5D-A6C6-A6B94F5FF9BD}.Debug|Any CPU.ActiveCfg = Debug|Any CPU
		{507E7B3D-4C0B-4C5D-A6C6-A6B94F5FF9BD}.Debug|Any CPU.Build.0 = Debug|Any CPU
		{507E7B3D-4C0B-4C5D-A6C6-A6B94F5FF9BD}.Release|Any CPU.ActiveCfg = Release|Any CPU
		{507E7B3D-4C0B-4C5D-A6C6-A6B94F5FF9BD}.Release|Any CPU.Build.0 = Release|Any CPU
		{C2E89A7B-C21D-4417-9EB9-5F5CE6A7ED97}.Debug|Any CPU.ActiveCfg = Debug|Any CPU
		{C2E89A7B-C21D-4417-9EB9-5F5CE6A7ED97}.Debug|Any CPU.Build.0 = Debug|Any CPU
		{C2E89A7B-C21D-4417-9EB9-5F5CE6A7ED97}.Release|Any CPU.ActiveCfg = Release|Any CPU
		{C2E89A7B-C21D-4417-9EB9-5F5CE6A7ED97}.Release|Any CPU.Build.0 = Release|Any CPU
		{1A35EE20-6CC6-4AEF-B552-849272531E86}.Debug|Any CPU.ActiveCfg = Debug|Any CPU
		{1A35EE20-6CC6-4AEF-B552-849272531E86}.Debug|Any CPU.Build.0 = Debug|Any CPU
		{1A35EE20-6CC6-4AEF-B552-849272531E86}.Release|Any CPU.ActiveCfg = Release|Any CPU
		{1A35EE20-6CC6-4AEF-B552-849272531E86}.Release|Any CPU.Build.0 = Release|Any CPU
		{46B1B2ED-00B0-49C7-9BE3-D919753CCB89}.Debug|Any CPU.ActiveCfg = Debug|Any CPU
		{46B1B2ED-00B0-49C7-9BE3-D919753CCB89}.Debug|Any CPU.Build.0 = Debug|Any CPU
		{46B1B2ED-00B0-49C7-9BE3-D919753CCB89}.Release|Any CPU.ActiveCfg = Release|Any CPU
		{46B1B2ED-00B0-49C7-9BE3-D919753CCB89}.Release|Any CPU.Build.0 = Release|Any CPU
		{84DBF708-5798-4947-8DB9-803442629B39}.Debug|Any CPU.ActiveCfg = Debug|Any CPU
		{84DBF708-5798-4947-8DB9-803442629B39}.Debug|Any CPU.Build.0 = Debug|Any CPU
		{84DBF708-5798-4947-8DB9-803442629B39}.Release|Any CPU.ActiveCfg = Release|Any CPU
		{84DBF708-5798-4947-8DB9-803442629B39}.Release|Any CPU.Build.0 = Release|Any CPU
		{824861FC-D180-4092-BECE-692DF29A373F}.Debug|Any CPU.ActiveCfg = Debug|Any CPU
		{824861FC-D180-4092-BECE-692DF29A373F}.Debug|Any CPU.Build.0 = Debug|Any CPU
		{824861FC-D180-4092-BECE-692DF29A373F}.Release|Any CPU.ActiveCfg = Release|Any CPU
		{824861FC-D180-4092-BECE-692DF29A373F}.Release|Any CPU.Build.0 = Release|Any CPU
		{0462968F-B411-447B-AEC8-AFF7E21D81BF}.Debug|Any CPU.ActiveCfg = Debug|Any CPU
		{0462968F-B411-447B-AEC8-AFF7E21D81BF}.Debug|Any CPU.Build.0 = Debug|Any CPU
		{0462968F-B411-447B-AEC8-AFF7E21D81BF}.Release|Any CPU.ActiveCfg = Release|Any CPU
		{0462968F-B411-447B-AEC8-AFF7E21D81BF}.Release|Any CPU.Build.0 = Release|Any CPU
	EndGlobalSection
	GlobalSection(SolutionProperties) = preSolution
		HideSolutionNode = FALSE
	EndGlobalSection
	GlobalSection(ExtensibilityGlobals) = postSolution
		SolutionGuid = {2D5E2115-D1C9-448C-B3B7-B0E2BD1E56AE}
	EndGlobalSection
EndGlobal
