
Microsoft Visual Studio Solution File, Format Version 12.00
# Visual Studio Version 17
VisualStudioVersion = 17.7.34031.279
MinimumVisualStudioVersion = 10.0.40219.1
Project("{9A19103F-16F7-4668-BE54-9A1E7A4F7556}") = "InstantaneousGram-ApiGateway", "InstantaneousGram-ApiGateway.csproj", "{D72B5FD0-C860-4F5B-8F1B-069F55E55A95}"
EndProject
Project("{9A19103F-16F7-4668-BE54-9A1E7A4F7556}") = "InstantaneousGram-RabbitMq", "..\InstantaneousGram-RabbitMq\InstantaneousGram-RabbitMq.csproj", "{47257C22-11B6-45AC-9742-C959FBB5224E}"
EndProject
Global
	GlobalSection(SolutionConfigurationPlatforms) = preSolution
		Debug|Any CPU = Debug|Any CPU
		Release|Any CPU = Release|Any CPU
	EndGlobalSection
	GlobalSection(ProjectConfigurationPlatforms) = postSolution
		{D72B5FD0-C860-4F5B-8F1B-069F55E55A95}.Debug|Any CPU.ActiveCfg = Debug|Any CPU
		{D72B5FD0-C860-4F5B-8F1B-069F55E55A95}.Debug|Any CPU.Build.0 = Debug|Any CPU
		{D72B5FD0-C860-4F5B-8F1B-069F55E55A95}.Release|Any CPU.ActiveCfg = Release|Any CPU
		{D72B5FD0-C860-4F5B-8F1B-069F55E55A95}.Release|Any CPU.Build.0 = Release|Any CPU
		{47257C22-11B6-45AC-9742-C959FBB5224E}.Debug|Any CPU.ActiveCfg = Debug|Any CPU
		{47257C22-11B6-45AC-9742-C959FBB5224E}.Debug|Any CPU.Build.0 = Debug|Any CPU
		{47257C22-11B6-45AC-9742-C959FBB5224E}.Release|Any CPU.ActiveCfg = Release|Any CPU
		{47257C22-11B6-45AC-9742-C959FBB5224E}.Release|Any CPU.Build.0 = Release|Any CPU
	EndGlobalSection
	GlobalSection(SolutionProperties) = preSolution
		HideSolutionNode = FALSE
	EndGlobalSection
	GlobalSection(ExtensibilityGlobals) = postSolution
		SolutionGuid = {61B1640C-202C-42C7-90BC-4EF4AE4F4972}
	EndGlobalSection
EndGlobal
